{
    "_readme": [
        "This file locks the dependencies of your project to a known state",
        "Read more about it at http://getcomposer.org/doc/01-basic-usage.md#composer-lock-the-lock-file",
        "This file is @generated automatically"
    ],
    "hash": "98c18bc48547386beb2f7a483043eae5",
    "packages": [
        {
            "name": "kriswallsmith/buzz",
            "version": "dev-proxy",
            "source": {
                "type": "git",
                "url": "https://github.com/kriswallsmith/Buzz.git",
                "reference": "98b850f650ce7b4de6b87363993d123b06cf36f5"
            },
            "dist": {
                "type": "zip",
                "url": "https://api.github.com/repos/kriswallsmith/Buzz/zipball/98b850f650ce7b4de6b87363993d123b06cf36f5",
                "reference": "98b850f650ce7b4de6b87363993d123b06cf36f5",
                "shasum": ""
            },
            "require": {
                "php": ">=5.3.0"
            },
            "suggest": {
                "ext-curl": "*"
            },
            "type": "library",
            "autoload": {
                "psr-0": {
                    "Buzz": "lib/"
                }
            },
            "notification-url": "https://packagist.org/downloads/",
            "license": [
                "MIT"
            ],
            "authors": [
                {
                    "name": "Kris Wallsmith",
                    "email": "kris.wallsmith@gmail.com",
                    "homepage": "http://kriswallsmith.net/"
                }
            ],
            "description": "Lightweight HTTP client",
            "homepage": "https://github.com/kriswallsmith/Buzz",
            "keywords": [
                "curl",
                "http client"
            ],
            "time": "2013-02-27 22:29:55"
        },
        {
            "name": "metalmatze/lastfm-api-wrapper",
            "version": "dev-master",
            "source": {
                "type": "git",
                "url": "https://github.com/MetalMatze/lastfm-api-wrapper.git",
                "reference": "e331c63bcb44017b4fcc1c8c27863ad07bf98ebe"
            },
            "dist": {
                "type": "zip",
                "url": "https://api.github.com/repos/MetalMatze/lastfm-api-wrapper/zipball/e331c63bcb44017b4fcc1c8c27863ad07bf98ebe",
                "reference": "e331c63bcb44017b4fcc1c8c27863ad07bf98ebe",
                "shasum": ""
            },
            "require": {
                "kriswallsmith/buzz": "dev-master",
                "php": ">=5.3.0"
            },
            "require-dev": {
                "mockery/mockery": "dev-master",
                "phpunit/phpunit": "3.7.*"
            },
            "type": "library",
            "autoload": {
                "psr-4": {
                    "MetalMatze\\LastFm\\": "src/"
                }
            },
            "notification-url": "https://packagist.org/downloads/",
            "license": [
                "GPLv3"
            ],
            "authors": [
                {
                    "name": "MetalMatze",
                    "email": "me@metalmatze.de",
                    "homepage": "http://metalmatze.de/",
                    "role": "Developer"
                }
            ],
            "description": "Dead simple wrapper for the Last.fm API which returns the json.",
            "homepage": "https://github.com/MetalMatze/lastfm-api-wrapper",
            "keywords": [
                "api",
                "fm",
                "last",
                "last.fm",
                "wrapper"
            ],
            "time": "2014-03-15 22:32:32"
        },
        {
            "name": "mikecao/flight",
            "version": "dev-master",
            "source": {
                "type": "git",
                "url": "https://github.com/mikecao/flight.git",
                "reference": "81041d418b2248b5c8d86c5f4676ff8a3e721265"
            },
            "dist": {
                "type": "zip",
                "url": "https://api.github.com/repos/mikecao/flight/zipball/81041d418b2248b5c8d86c5f4676ff8a3e721265",
                "reference": "81041d418b2248b5c8d86c5f4676ff8a3e721265",
                "shasum": ""
            },
            "require": {
                "php": ">=5.3.0"
            },
            "type": "library",
            "autoload": {
                "files": [
                    "flight/autoload.php",
                    "flight/Flight.php"
                ]
            },
            "notification-url": "https://packagist.org/downloads/",
            "license": [
                "MIT"
            ],
            "authors": [
                {
                    "name": "Mike Cao",
                    "email": "mike@mikecao.com",
                    "homepage": "http://www.mikecao.com/",
                    "role": "Original Developer"
                }
            ],
            "description": "Flight is a fast, simple, extensible framework for PHP. Flight enables you to quickly and easily build RESTful web applications.",
            "homepage": "http://flightphp.com",
            "time": "2014-07-10 10:14:06"
        },
        {
            "name": "ricbra/php-discogs-api",
            "version": "dev-master",
            "source": {
                "type": "git",
                "url": "https://github.com/ricbra/php-discogs-api.git",
                "reference": "43329a0e5e080a52068fc55d9115bfd49e379031"
            },
            "dist": {
                "type": "zip",
                "url": "https://api.github.com/repos/ricbra/php-discogs-api/zipball/43329a0e5e080a52068fc55d9115bfd49e379031",
                "reference": "43329a0e5e080a52068fc55d9115bfd49e379031",
                "shasum": ""
            },
            "require": {
                "kriswallsmith/buzz": ">=0.5",
                "php": ">=5.3.0"
            },
            "type": "library",
            "autoload": {
                "psr-0": {
                    "Discogs": "lib/"
                }
            },
            "notification-url": "https://packagist.org/downloads/",
            "license": [
                "MIT"
            ],
            "authors": [
                {
                    "name": "Richard van den Brand",
                    "email": "richard@vandenbrand.org"
                }
            ],
            "description": "The Discogs API makes it easy for developers to communicate with the Discogs platform",
            "keywords": [
                "api",
                "discogs"
            ],
            "time": "2014-05-09 19:37:25"
        }
    ],
    "packages-dev": [

    ],
    "aliases": [
        {
            "alias": "dev-master",
            "alias_normalized": "9999999-dev",
            "version": "dev-proxy",
            "package": "kriswallsmith/buzz"
        }
    ],
    "minimum-stability": "stable",
    "stability-flags": {
        "metalmatze/lastfm-api-wrapper": 20,
        "kriswallsmith/buzz": 20,
        "ricbra/php-discogs-api": 20,
        "mikecao/flight": 20
    },
    "platform": [

    ],
    "platform-dev": [

    ]
}
